
Microsoft Visual Studio Solution File, Format Version 12.00
# Visual Studio Version 16
VisualStudioVersion = 16.0.31624.102
MinimumVisualStudioVersion = 10.0.40219.1
Project("{FAE04EC0-301F-11D3-BF4B-00C04F79EFBC}") = "TMS.Ex1", "TMS.Ex1\TMS.Ex1.csproj", "{9A1E647B-D2A8-49AE-AE6E-F05C8B17F938}"
EndProject
Global
	GlobalSection(SolutionConfigurationPlatforms) = preSolution
		Debug|Any CPU = Debug|Any CPU
		Release|Any CPU = Release|Any CPU
	EndGlobalSection
	GlobalSection(ProjectConfigurationPlatforms) = postSolution
		{9A1E647B-D2A8-49AE-AE6E-F05C8B17F938}.Debug|Any CPU.ActiveCfg = Debug|Any CPU
		{9A1E647B-D2A8-49AE-AE6E-F05C8B17F938}.Debug|Any CPU.Build.0 = Debug|Any CPU
		{9A1E647B-D2A8-49AE-AE6E-F05C8B17F938}.Release|Any CPU.ActiveCfg = Release|Any CPU
		{9A1E647B-D2A8-49AE-AE6E-F05C8B17F938}.Release|Any CPU.Build.0 = Release|Any CPU
	EndGlobalSection
	GlobalSection(SolutionProperties) = preSolution
		HideSolutionNode = FALSE
	EndGlobalSection
	GlobalSection(ExtensibilityGlobals) = postSolution
		SolutionGuid = {3D03423D-5A54-4E33-B1EB-1D6321E072D5}
	EndGlobalSection
EndGlobal
